
Microsoft Visual Studio Solution File, Format Version 12.00
# Visual Studio Version 16
VisualStudioVersion = 16.0.28729.10
MinimumVisualStudioVersion = 10.0.40219.1
Project("{FAE04EC0-301F-11D3-BF4B-00C04F79EFBC}") = "AutofacSample", "AutofacSample\AutofacSample.csproj", "{6474582B-0FE9-4C6E-AAFE-BBB2CC0539D8}"
EndProject
Project("{FAE04EC0-301F-11D3-BF4B-00C04F79EFBC}") = "AutofacSample.NUnitTests", "AutofacSample.NUnitTests\AutofacSample.NUnitTests.csproj", "{EC572F9D-A3D6-4348-84CA-39224DC5170B}"
EndProject
Global
	GlobalSection(SolutionConfigurationPlatforms) = preSolution
		Debug|Any CPU = Debug|Any CPU
		Release|Any CPU = Release|Any CPU
	EndGlobalSection
	GlobalSection(ProjectConfigurationPlatforms) = postSolution
		{6474582B-0FE9-4C6E-AAFE-BBB2CC0539D8}.Debug|Any CPU.ActiveCfg = Debug|Any CPU
		{6474582B-0FE9-4C6E-AAFE-BBB2CC0539D8}.Debug|Any CPU.Build.0 = Debug|Any CPU
		{6474582B-0FE9-4C6E-AAFE-BBB2CC0539D8}.Release|Any CPU.ActiveCfg = Release|Any CPU
		{6474582B-0FE9-4C6E-AAFE-BBB2CC0539D8}.Release|Any CPU.Build.0 = Release|Any CPU
		{EC572F9D-A3D6-4348-84CA-39224DC5170B}.Debug|Any CPU.ActiveCfg = Debug|Any CPU
		{EC572F9D-A3D6-4348-84CA-39224DC5170B}.Debug|Any CPU.Build.0 = Debug|Any CPU
		{EC572F9D-A3D6-4348-84CA-39224DC5170B}.Release|Any CPU.ActiveCfg = Release|Any CPU
		{EC572F9D-A3D6-4348-84CA-39224DC5170B}.Release|Any CPU.Build.0 = Release|Any CPU
	EndGlobalSection
	GlobalSection(SolutionProperties) = preSolution
		HideSolutionNode = FALSE
	EndGlobalSection
	GlobalSection(ExtensibilityGlobals) = postSolution
		SolutionGuid = {F0048069-1C3A-45C3-9413-A7CAD59C4715}
	EndGlobalSection
EndGlobal
